
Microsoft Visual Studio Solution File, Format Version 12.00
# Visual Studio Version 16
VisualStudioVersion = 16.0.30907.101
MinimumVisualStudioVersion = 10.0.40219.1
Project("{9A19103F-16F7-4668-BE54-9A1E7A4F7556}") = "Business", "Business\Business.csproj", "{2D6C8CE6-A688-4F30-A935-92580253856F}"
EndProject
Project("{9A19103F-16F7-4668-BE54-9A1E7A4F7556}") = "Entities", "Entities\Entities.csproj", "{1FEA92DB-3515-4BE1-8429-BD639FCDEA65}"
EndProject
Project("{9A19103F-16F7-4668-BE54-9A1E7A4F7556}") = "DataAccess", "DataAccess\DataAccess.csproj", "{B6093C41-09BC-4BC1-9BF3-E7432E079D78}"
EndProject
Project("{9A19103F-16F7-4668-BE54-9A1E7A4F7556}") = "Core", "Core\Core.csproj", "{1E417EFC-4AA4-4235-B4BA-54F6A1FA643F}"
EndProject
Project("{9A19103F-16F7-4668-BE54-9A1E7A4F7556}") = "WebAPI", "WebAPI\WebAPI.csproj", "{FC178E74-9A77-49E2-BFFF-DF5D3B7AB1F5}"
EndProject
Global
	GlobalSection(SolutionConfigurationPlatforms) = preSolution
		Debug|Any CPU = Debug|Any CPU
		Release|Any CPU = Release|Any CPU
	EndGlobalSection
	GlobalSection(ProjectConfigurationPlatforms) = postSolution
		{2D6C8CE6-A688-4F30-A935-92580253856F}.Debug|Any CPU.ActiveCfg = Debug|Any CPU
		{2D6C8CE6-A688-4F30-A935-92580253856F}.Debug|Any CPU.Build.0 = Debug|Any CPU
		{2D6C8CE6-A688-4F30-A935-92580253856F}.Release|Any CPU.ActiveCfg = Release|Any CPU
		{2D6C8CE6-A688-4F30-A935-92580253856F}.Release|Any CPU.Build.0 = Release|Any CPU
		{1FEA92DB-3515-4BE1-8429-BD639FCDEA65}.Debug|Any CPU.ActiveCfg = Debug|Any CPU
		{1FEA92DB-3515-4BE1-8429-BD639FCDEA65}.Debug|Any CPU.Build.0 = Debug|Any CPU
		{1FEA92DB-3515-4BE1-8429-BD639FCDEA65}.Release|Any CPU.ActiveCfg = Release|Any CPU
		{1FEA92DB-3515-4BE1-8429-BD639FCDEA65}.Release|Any CPU.Build.0 = Release|Any CPU
		{B6093C41-09BC-4BC1-9BF3-E7432E079D78}.Debug|Any CPU.ActiveCfg = Debug|Any CPU
		{B6093C41-09BC-4BC1-9BF3-E7432E079D78}.Debug|Any CPU.Build.0 = Debug|Any CPU
		{B6093C41-09BC-4BC1-9BF3-E7432E079D78}.Release|Any CPU.ActiveCfg = Release|Any CPU
		{B6093C41-09BC-4BC1-9BF3-E7432E079D78}.Release|Any CPU.Build.0 = Release|Any CPU
		{1E417EFC-4AA4-4235-B4BA-54F6A1FA643F}.Debug|Any CPU.ActiveCfg = Debug|Any CPU
		{1E417EFC-4AA4-4235-B4BA-54F6A1FA643F}.Debug|Any CPU.Build.0 = Debug|Any CPU
		{1E417EFC-4AA4-4235-B4BA-54F6A1FA643F}.Release|Any CPU.ActiveCfg = Release|Any CPU
		{1E417EFC-4AA4-4235-B4BA-54F6A1FA643F}.Release|Any CPU.Build.0 = Release|Any CPU
		{FC178E74-9A77-49E2-BFFF-DF5D3B7AB1F5}.Debug|Any CPU.ActiveCfg = Debug|Any CPU
		{FC178E74-9A77-49E2-BFFF-DF5D3B7AB1F5}.Debug|Any CPU.Build.0 = Debug|Any CPU
		{FC178E74-9A77-49E2-BFFF-DF5D3B7AB1F5}.Release|Any CPU.ActiveCfg = Release|Any CPU
		{FC178E74-9A77-49E2-BFFF-DF5D3B7AB1F5}.Release|Any CPU.Build.0 = Release|Any CPU
	EndGlobalSection
	GlobalSection(SolutionProperties) = preSolution
		HideSolutionNode = FALSE
	EndGlobalSection
	GlobalSection(ExtensibilityGlobals) = postSolution
		SolutionGuid = {153746BE-3082-4838-9D77-59D4144AF75C}
	EndGlobalSection
EndGlobal
